{
  "name": "electron-react-boilerplate",
  "version": "1.0.0",
  "lockfileVersion": 1,
  "requires": true,
  "dependencies": {
    "macro-inferno": {
      "version": "0.2.1",
      "resolved": "https://registry.npmjs.org/macro-inferno/-/macro-inferno-0.2.1.tgz",
      "integrity": "sha512-5fnnX5OJSJq4PFMKiiv+lKJqbxHHQXfvTLbRjV3fHIr86ELpljOzVEjEmsY2VI3R2RwWLUM0NHrygpexdH4S4g==",
      "requires": {
        "nan": "2.8.0"
      }
    },
    "nan": {
      "version": "2.8.0",
      "resolved": "https://registry.npmjs.org/nan/-/nan-2.8.0.tgz",
      "integrity": "sha1-7XFfP+neArV6XmJS2QqWZ14fCFo="
    },
    "opencv4nodejs": {
      "version": "2.37.0",
      "resolved": "https://registry.npmjs.org/opencv4nodejs/-/opencv4nodejs-2.37.0.tgz",
      "integrity": "sha512-J9KUQ63xIEBxspQG8JGhxy/SJ7I9hYq4KeJFnazGkKqB/1MRLjaV2YsFVIvaozimNVqKSDMN1GZI5e8FlmJxBQ==",
      "requires": {
        "macro-inferno": "0.2.1",
        "nan": "2.8.0"
      }
    }
  }
}
