# THIS IS AN AUTOGENERATED FILE. DO NOT EDIT THIS FILE DIRECTLY.
# yarn lockfile v1


macro-inferno@^0.2.1:
  version "0.2.1"
  resolved "https://registry.yarnpkg.com/macro-inferno/-/macro-inferno-0.2.1.tgz#20de3ae8e9ac76b3fc652cbf6c25f325a9ba2e22"
  dependencies:
    nan "^2.7.0"

nan@^2.7.0:
  version "2.8.0"
  resolved "https://registry.yarnpkg.com/nan/-/nan-2.8.0.tgz#ed715f3fe9de02b57a5e6252d90a96675e1f085a"

opencv4nodejs@^2.37.0:
  version "2.37.0"
  resolved "https://registry.yarnpkg.com/opencv4nodejs/-/opencv4nodejs-2.37.0.tgz#be2f695d17bc52005d7ed9b8d55b3c97f0120aab"
  dependencies:
    macro-inferno "^0.2.1"
    nan "^2.7.0"
